
Microsoft Visual Studio Solution File, Format Version 12.00
# Visual Studio Version 17
VisualStudioVersion = 17.9.34622.214
MinimumVisualStudioVersion = 10.0.40219.1
Project("{FAE04EC0-301F-11D3-BF4B-00C04F79EFBC}") = "BeatSync", "BeatSync\BeatSync.csproj", "{027BE6E4-EF34-4A52-AEE3-719349A36305}"
EndProject
Global
	GlobalSection(SolutionConfigurationPlatforms) = preSolution
		Debug|Any CPU = Debug|Any CPU
		Release|Any CPU = Release|Any CPU
	EndGlobalSection
	GlobalSection(ProjectConfigurationPlatforms) = postSolution
		{027BE6E4-EF34-4A52-AEE3-719349A36305}.Debug|Any CPU.ActiveCfg = Debug|Any CPU
		{027BE6E4-EF34-4A52-AEE3-719349A36305}.Debug|Any CPU.Build.0 = Debug|Any CPU
		{027BE6E4-EF34-4A52-AEE3-719349A36305}.Debug|Any CPU.Deploy.0 = Debug|Any CPU
		{027BE6E4-EF34-4A52-AEE3-719349A36305}.Release|Any CPU.ActiveCfg = Release|Any CPU
		{027BE6E4-EF34-4A52-AEE3-719349A36305}.Release|Any CPU.Build.0 = Release|Any CPU
		{027BE6E4-EF34-4A52-AEE3-719349A36305}.Release|Any CPU.Deploy.0 = Release|Any CPU
	EndGlobalSection
	GlobalSection(SolutionProperties) = preSolution
		HideSolutionNode = FALSE
	EndGlobalSection
	GlobalSection(ExtensibilityGlobals) = postSolution
		SolutionGuid = {0A60260C-06F0-4E45-BDC1-1B0A243157B1}
	EndGlobalSection
EndGlobal
